
Microsoft Visual Studio Solution File, Format Version 12.00
# Visual Studio 15
VisualStudioVersion = 15.0.28307.168
MinimumVisualStudioVersion = 10.0.40219.1
Project("{FAE04EC0-301F-11D3-BF4B-00C04F79EFBC}") = "App03_LayoutXF.Android", "App03_LayoutXF\App03_LayoutXF.Android\App03_LayoutXF.Android.csproj", "{C39AEF34-EA3E-40B8-AFC0-C1945B8DDE0D}"
EndProject
Project("{FAE04EC0-301F-11D3-BF4B-00C04F79EFBC}") = "App03_LayoutXF.iOS", "App03_LayoutXF\App03_LayoutXF.iOS\App03_LayoutXF.iOS.csproj", "{FA05F164-279B-4D65-B696-DA19D034776D}"
EndProject
Project("{FAE04EC0-301F-11D3-BF4B-00C04F79EFBC}") = "App03_LayoutXF", "App03_LayoutXF\App03_LayoutXF\App03_LayoutXF.csproj", "{250A4988-B74F-45F0-9B36-F1085BC520C1}"
EndProject
Global
	GlobalSection(SolutionConfigurationPlatforms) = preSolution
		Ad-Hoc|Any CPU = Ad-Hoc|Any CPU
		Ad-Hoc|iPhone = Ad-Hoc|iPhone
		Ad-Hoc|iPhoneSimulator = Ad-Hoc|iPhoneSimulator
		AppStore|Any CPU = AppStore|Any CPU
		AppStore|iPhone = AppStore|iPhone
		AppStore|iPhoneSimulator = AppStore|iPhoneSimulator
		Debug|Any CPU = Debug|Any CPU
		Debug|iPhone = Debug|iPhone
		Debug|iPhoneSimulator = Debug|iPhoneSimulator
		Release|Any CPU = Release|Any CPU
		Release|iPhone = Release|iPhone
		Release|iPhoneSimulator = Release|iPhoneSimulator
	EndGlobalSection
	GlobalSection(ProjectConfigurationPlatforms) = postSolution
		{C39AEF34-EA3E-40B8-AFC0-C1945B8DDE0D}.Ad-Hoc|Any CPU.ActiveCfg = Release|Any CPU
		{C39AEF34-EA3E-40B8-AFC0-C1945B8DDE0D}.Ad-Hoc|Any CPU.Build.0 = Release|Any CPU
		{C39AEF34-EA3E-40B8-AFC0-C1945B8DDE0D}.Ad-Hoc|Any CPU.Deploy.0 = Release|Any CPU
		{C39AEF34-EA3E-40B8-AFC0-C1945B8DDE0D}.Ad-Hoc|iPhone.ActiveCfg = Release|Any CPU
		{C39AEF34-EA3E-40B8-AFC0-C1945B8DDE0D}.Ad-Hoc|iPhone.Build.0 = Release|Any CPU
		{C39AEF34-EA3E-40B8-AFC0-C1945B8DDE0D}.Ad-Hoc|iPhone.Deploy.0 = Release|Any CPU
		{C39AEF34-EA3E-40B8-AFC0-C1945B8DDE0D}.Ad-Hoc|iPhoneSimulator.ActiveCfg = Release|Any CPU
		{C39AEF34-EA3E-40B8-AFC0-C1945B8DDE0D}.Ad-Hoc|iPhoneSimulator.Build.0 = Release|Any CPU
		{C39AEF34-EA3E-40B8-AFC0-C1945B8DDE0D}.Ad-Hoc|iPhoneSimulator.Deploy.0 = Release|Any CPU
		{C39AEF34-EA3E-40B8-AFC0-C1945B8DDE0D}.AppStore|Any CPU.ActiveCfg = Release|Any CPU
		{C39AEF34-EA3E-40B8-AFC0-C1945B8DDE0D}.AppStore|Any CPU.Build.0 = Release|Any CPU
		{C39AEF34-EA3E-40B8-AFC0-C1945B8DDE0D}.AppStore|Any CPU.Deploy.0 = Release|Any CPU
		{C39AEF34-EA3E-40B8-AFC0-C1945B8DDE0D}.AppStore|iPhone.ActiveCfg = Release|Any CPU
		{C39AEF34-EA3E-40B8-AFC0-C1945B8DDE0D}.AppStore|iPhone.Build.0 = Release|Any CPU
		{C39AEF34-EA3E-40B8-AFC0-C1945B8DDE0D}.AppStore|iPhone.Deploy.0 = Release|Any CPU
		{C39AEF34-EA3E-40B8-AFC0-C1945B8DDE0D}.AppStore|iPhoneSimulator.ActiveCfg = Release|Any CPU
		{C39AEF34-EA3E-40B8-AFC0-C1945B8DDE0D}.AppStore|iPhoneSimulator.Build.0 = Release|Any CPU
		{C39AEF34-EA3E-40B8-AFC0-C1945B8DDE0D}.AppStore|iPhoneSimulator.Deploy.0 = Release|Any CPU
		{C39AEF34-EA3E-40B8-AFC0-C1945B8DDE0D}.Debug|Any CPU.ActiveCfg = Debug|Any CPU
		{C39AEF34-EA3E-40B8-AFC0-C1945B8DDE0D}.Debug|Any CPU.Build.0 = Debug|Any CPU
		{C39AEF34-EA3E-40B8-AFC0-C1945B8DDE0D}.Debug|Any CPU.Deploy.0 = Debug|Any CPU
		{C39AEF34-EA3E-40B8-AFC0-C1945B8DDE0D}.Debug|iPhone.ActiveCfg = Debug|Any CPU
		{C39AEF34-EA3E-40B8-AFC0-C1945B8DDE0D}.Debug|iPhone.Build.0 = Debug|Any CPU
		{C39AEF34-EA3E-40B8-AFC0-C1945B8DDE0D}.Debug|iPhone.Deploy.0 = Debug|Any CPU
		{C39AEF34-EA3E-40B8-AFC0-C1945B8DDE0D}.Debug|iPhoneSimulator.ActiveCfg = Debug|Any CPU
		{C39AEF34-EA3E-40B8-AFC0-C1945B8DDE0D}.Debug|iPhoneSimulator.Build.0 = Debug|Any CPU
		{C39AEF34-EA3E-40B8-AFC0-C1945B8DDE0D}.Debug|iPhoneSimulator.Deploy.0 = Debug|Any CPU
		{C39AEF34-EA3E-40B8-AFC0-C1945B8DDE0D}.Release|Any CPU.ActiveCfg = Release|Any CPU
		{C39AEF34-EA3E-40B8-AFC0-C1945B8DDE0D}.Release|Any CPU.Build.0 = Release|Any CPU
		{C39AEF34-EA3E-40B8-AFC0-C1945B8DDE0D}.Release|Any CPU.Deploy.0 = Release|Any CPU
		{C39AEF34-EA3E-40B8-AFC0-C1945B8DDE0D}.Release|iPhone.ActiveCfg = Release|Any CPU
		{C39AEF34-EA3E-40B8-AFC0-C1945B8DDE0D}.Release|iPhone.Build.0 = Release|Any CPU
		{C39AEF34-EA3E-40B8-AFC0-C1945B8DDE0D}.Release|iPhone.Deploy.0 = Release|Any CPU
		{C39AEF34-EA3E-40B8-AFC0-C1945B8DDE0D}.Release|iPhoneSimulator.ActiveCfg = Release|Any CPU
		{C39AEF34-EA3E-40B8-AFC0-C1945B8DDE0D}.Release|iPhoneSimulator.Build.0 = Release|Any CPU
		{C39AEF34-EA3E-40B8-AFC0-C1945B8DDE0D}.Release|iPhoneSimulator.Deploy.0 = Release|Any CPU
		{FA05F164-279B-4D65-B696-DA19D034776D}.Ad-Hoc|Any CPU.ActiveCfg = Ad-Hoc|iPhone
		{FA05F164-279B-4D65-B696-DA19D034776D}.Ad-Hoc|Any CPU.Build.0 = Ad-Hoc|iPhone
		{FA05F164-279B-4D65-B696-DA19D034776D}.Ad-Hoc|Any CPU.Deploy.0 = Ad-Hoc|iPhone
		{FA05F164-279B-4D65-B696-DA19D034776D}.Ad-Hoc|iPhone.ActiveCfg = Ad-Hoc|iPhone
		{FA05F164-279B-4D65-B696-DA19D034776D}.Ad-Hoc|iPhone.Build.0 = Ad-Hoc|iPhone
		{FA05F164-279B-4D65-B696-DA19D034776D}.Ad-Hoc|iPhone.Deploy.0 = Ad-Hoc|iPhone
		{FA05F164-279B-4D65-B696-DA19D034776D}.Ad-Hoc|iPhoneSimulator.ActiveCfg = Ad-Hoc|iPhoneSimulator
		{FA05F164-279B-4D65-B696-DA19D034776D}.Ad-Hoc|iPhoneSimulator.Build.0 = Ad-Hoc|iPhoneSimulator
		{FA05F164-279B-4D65-B696-DA19D034776D}.Ad-Hoc|iPhoneSimulator.Deploy.0 = Ad-Hoc|iPhoneSimulator
		{FA05F164-279B-4D65-B696-DA19D034776D}.AppStore|Any CPU.ActiveCfg = AppStore|iPhone
		{FA05F164-279B-4D65-B696-DA19D034776D}.AppStore|Any CPU.Build.0 = AppStore|iPhone
		{FA05F164-279B-4D65-B696-DA19D034776D}.AppStore|Any CPU.Deploy.0 = AppStore|iPhone
		{FA05F164-279B-4D65-B696-DA19D034776D}.AppStore|iPhone.ActiveCfg = AppStore|iPhone
		{FA05F164-279B-4D65-B696-DA19D034776D}.AppStore|iPhone.Build.0 = AppStore|iPhone
		{FA05F164-279B-4D65-B696-DA19D034776D}.AppStore|iPhone.Deploy.0 = AppStore|iPhone
		{FA05F164-279B-4D65-B696-DA19D034776D}.AppStore|iPhoneSimulator.ActiveCfg = AppStore|iPhoneSimulator
		{FA05F164-279B-4D65-B696-DA19D034776D}.AppStore|iPhoneSimulator.Build.0 = AppStore|iPhoneSimulator
		{FA05F164-279B-4D65-B696-DA19D034776D}.AppStore|iPhoneSimulator.Deploy.0 = AppStore|iPhoneSimulator
		{FA05F164-279B-4D65-B696-DA19D034776D}.Debug|Any CPU.ActiveCfg = Debug|iPhoneSimulator
		{FA05F164-279B-4D65-B696-DA19D034776D}.Debug|Any CPU.Build.0 = Debug|iPhoneSimulator
		{FA05F164-279B-4D65-B696-DA19D034776D}.Debug|Any CPU.Deploy.0 = Debug|iPhoneSimulator
		{FA05F164-279B-4D65-B696-DA19D034776D}.Debug|iPhone.ActiveCfg = Debug|iPhone
		{FA05F164-279B-4D65-B696-DA19D034776D}.Debug|iPhone.Build.0 = Debug|iPhone
		{FA05F164-279B-4D65-B696-DA19D034776D}.Debug|iPhone.Deploy.0 = Debug|iPhone
		{FA05F164-279B-4D65-B696-DA19D034776D}.Debug|iPhoneSimulator.ActiveCfg = Debug|iPhoneSimulator
		{FA05F164-279B-4D65-B696-DA19D034776D}.Debug|iPhoneSimulator.Build.0 = Debug|iPhoneSimulator
		{FA05F164-279B-4D65-B696-DA19D034776D}.Debug|iPhoneSimulator.Deploy.0 = Debug|iPhoneSimulator
		{FA05F164-279B-4D65-B696-DA19D034776D}.Release|Any CPU.ActiveCfg = Release|iPhone
		{FA05F164-279B-4D65-B696-DA19D034776D}.Release|Any CPU.Build.0 = Release|iPhone
		{FA05F164-279B-4D65-B696-DA19D034776D}.Release|Any CPU.Deploy.0 = Release|iPhone
		{FA05F164-279B-4D65-B696-DA19D034776D}.Release|iPhone.ActiveCfg = Release|iPhone
		{FA05F164-279B-4D65-B696-DA19D034776D}.Release|iPhone.Build.0 = Release|iPhone
		{FA05F164-279B-4D65-B696-DA19D034776D}.Release|iPhone.Deploy.0 = Release|iPhone
		{FA05F164-279B-4D65-B696-DA19D034776D}.Release|iPhoneSimulator.ActiveCfg = Release|iPhoneSimulator
		{FA05F164-279B-4D65-B696-DA19D034776D}.Release|iPhoneSimulator.Build.0 = Release|iPhoneSimulator
		{FA05F164-279B-4D65-B696-DA19D034776D}.Release|iPhoneSimulator.Deploy.0 = Release|iPhoneSimulator
		{250A4988-B74F-45F0-9B36-F1085BC520C1}.Ad-Hoc|Any CPU.ActiveCfg = Debug|Any CPU
		{250A4988-B74F-45F0-9B36-F1085BC520C1}.Ad-Hoc|Any CPU.Build.0 = Debug|Any CPU
		{250A4988-B74F-45F0-9B36-F1085BC520C1}.Ad-Hoc|Any CPU.Deploy.0 = Debug|Any CPU
		{250A4988-B74F-45F0-9B36-F1085BC520C1}.Ad-Hoc|iPhone.ActiveCfg = Debug|Any CPU
		{250A4988-B74F-45F0-9B36-F1085BC520C1}.Ad-Hoc|iPhone.Build.0 = Debug|Any CPU
		{250A4988-B74F-45F0-9B36-F1085BC520C1}.Ad-Hoc|iPhone.Deploy.0 = Debug|Any CPU
		{250A4988-B74F-45F0-9B36-F1085BC520C1}.Ad-Hoc|iPhoneSimulator.ActiveCfg = Debug|Any CPU
		{250A4988-B74F-45F0-9B36-F1085BC520C1}.Ad-Hoc|iPhoneSimulator.Build.0 = Debug|Any CPU
		{250A4988-B74F-45F0-9B36-F1085BC520C1}.Ad-Hoc|iPhoneSimulator.Deploy.0 = Debug|Any CPU
		{250A4988-B74F-45F0-9B36-F1085BC520C1}.AppStore|Any CPU.ActiveCfg = Debug|Any CPU
		{250A4988-B74F-45F0-9B36-F1085BC520C1}.AppStore|Any CPU.Build.0 = Debug|Any CPU
		{250A4988-B74F-45F0-9B36-F1085BC520C1}.AppStore|Any CPU.Deploy.0 = Debug|Any CPU
		{250A4988-B74F-45F0-9B36-F1085BC520C1}.AppStore|iPhone.ActiveCfg = Debug|Any CPU
		{250A4988-B74F-45F0-9B36-F1085BC520C1}.AppStore|iPhone.Build.0 = Debug|Any CPU
		{250A4988-B74F-45F0-9B36-F1085BC520C1}.AppStore|iPhone.Deploy.0 = Debug|Any CPU
		{250A4988-B74F-45F0-9B36-F1085BC520C1}.AppStore|iPhoneSimulator.ActiveCfg = Debug|Any CPU
		{250A4988-B74F-45F0-9B36-F1085BC520C1}.AppStore|iPhoneSimulator.Build.0 = Debug|Any CPU
		{250A4988-B74F-45F0-9B36-F1085BC520C1}.AppStore|iPhoneSimulator.Deploy.0 = Debug|Any CPU
		{250A4988-B74F-45F0-9B36-F1085BC520C1}.Debug|Any CPU.ActiveCfg = Debug|Any CPU
		{250A4988-B74F-45F0-9B36-F1085BC520C1}.Debug|Any CPU.Build.0 = Debug|Any CPU
		{250A4988-B74F-45F0-9B36-F1085BC520C1}.Debug|Any CPU.Deploy.0 = Debug|Any CPU
		{250A4988-B74F-45F0-9B36-F1085BC520C1}.Debug|iPhone.ActiveCfg = Debug|Any CPU
		{250A4988-B74F-45F0-9B36-F1085BC520C1}.Debug|iPhone.Build.0 = Debug|Any CPU
		{250A4988-B74F-45F0-9B36-F1085BC520C1}.Debug|iPhone.Deploy.0 = Debug|Any CPU
		{250A4988-B74F-45F0-9B36-F1085BC520C1}.Debug|iPhoneSimulator.ActiveCfg = Debug|Any CPU
		{250A4988-B74F-45F0-9B36-F1085BC520C1}.Debug|iPhoneSimulator.Build.0 = Debug|Any CPU
		{250A4988-B74F-45F0-9B36-F1085BC520C1}.Debug|iPhoneSimulator.Deploy.0 = Debug|Any CPU
		{250A4988-B74F-45F0-9B36-F1085BC520C1}.Release|Any CPU.ActiveCfg = Release|Any CPU
		{250A4988-B74F-45F0-9B36-F1085BC520C1}.Release|Any CPU.Build.0 = Release|Any CPU
		{250A4988-B74F-45F0-9B36-F1085BC520C1}.Release|Any CPU.Deploy.0 = Release|Any CPU
		{250A4988-B74F-45F0-9B36-F1085BC520C1}.Release|iPhone.ActiveCfg = Release|Any CPU
		{250A4988-B74F-45F0-9B36-F1085BC520C1}.Release|iPhone.Build.0 = Release|Any CPU
		{250A4988-B74F-45F0-9B36-F1085BC520C1}.Release|iPhone.Deploy.0 = Release|Any CPU
		{250A4988-B74F-45F0-9B36-F1085BC520C1}.Release|iPhoneSimulator.ActiveCfg = Release|Any CPU
		{250A4988-B74F-45F0-9B36-F1085BC520C1}.Release|iPhoneSimulator.Build.0 = Release|Any CPU
		{250A4988-B74F-45F0-9B36-F1085BC520C1}.Release|iPhoneSimulator.Deploy.0 = Release|Any CPU
	EndGlobalSection
	GlobalSection(SolutionProperties) = preSolution
		HideSolutionNode = FALSE
	EndGlobalSection
	GlobalSection(ExtensibilityGlobals) = postSolution
		SolutionGuid = {EBF43DAE-FBA6-4E81-BA72-1097D13415DE}
	EndGlobalSection
EndGlobal
